
Microsoft Visual Studio Solution File, Format Version 12.00
# Visual Studio Version 18
VisualStudioVersion = 18.0.11205.157
MinimumVisualStudioVersion = 10.0.40219.1
Project("{2150E333-8FDC-42A3-9474-1A3956D46DE8}") = "src", "src", "{1839C684-4523-4C11-9328-E95E1D27437A}"
	ProjectSection(SolutionItems) = preProject
		src\Login.razor.cs = src\Login.razor.cs
	EndProjectSection
EndProject
Project("{2150E333-8FDC-42A3-9474-1A3956D46DE8}") = "ViewModels", "ViewModels", "{158BC560-1940-45FC-BDD5-83CAD13FBFFC}"
	ProjectSection(SolutionItems) = preProject
		src\ViewModels\LoginViewModel.cs = src\ViewModels\LoginViewModel.cs
	EndProjectSection
EndProject
Project("{2150E333-8FDC-42A3-9474-1A3956D46DE8}") = ".github", ".github", "{02388A5C-6847-41F5-8F37-AE37BA994BC3}"
EndProject
Project("{2150E333-8FDC-42A3-9474-1A3956D46DE8}") = "workflows", "workflows", "{14E702D5-97B2-4A34-BD47-184EEC51816C}"
	ProjectSection(SolutionItems) = preProject
		.github\workflows\build_10.0.yml = .github\workflows\build_10.0.yml
	EndProjectSection
EndProject
Project("{2150E333-8FDC-42A3-9474-1A3956D46DE8}") = "솔루션 항목", "솔루션 항목", "{E511F400-61A7-4BB3-AEC6-24D6AF520699}"
	ProjectSection(SolutionItems) = preProject
		.gitignore = .gitignore
		LICENSE.txt = LICENSE.txt
		README.md = README.md
	EndProjectSection
EndProject
Project("{FAE04EC0-301F-11D3-BF4B-00C04F79EFBC}") = "MetaFrm.Razor.Login(net10.0)", "MetaFrm.Razor.Login(net10.0)\MetaFrm.Razor.Login(net10.0).csproj", "{EDC55F89-BBC8-F4BF-AAB6-3DDEC3A1A72C}"
EndProject
Global
	GlobalSection(SolutionConfigurationPlatforms) = preSolution
		Debug|Any CPU = Debug|Any CPU
		Release|Any CPU = Release|Any CPU
	EndGlobalSection
	GlobalSection(ProjectConfigurationPlatforms) = postSolution
		{EDC55F89-BBC8-F4BF-AAB6-3DDEC3A1A72C}.Debug|Any CPU.ActiveCfg = Debug|Any CPU
		{EDC55F89-BBC8-F4BF-AAB6-3DDEC3A1A72C}.Debug|Any CPU.Build.0 = Debug|Any CPU
		{EDC55F89-BBC8-F4BF-AAB6-3DDEC3A1A72C}.Release|Any CPU.ActiveCfg = Release|Any CPU
		{EDC55F89-BBC8-F4BF-AAB6-3DDEC3A1A72C}.Release|Any CPU.Build.0 = Release|Any CPU
	EndGlobalSection
	GlobalSection(SolutionProperties) = preSolution
		HideSolutionNode = FALSE
	EndGlobalSection
	GlobalSection(NestedProjects) = preSolution
		{158BC560-1940-45FC-BDD5-83CAD13FBFFC} = {1839C684-4523-4C11-9328-E95E1D27437A}
		{14E702D5-97B2-4A34-BD47-184EEC51816C} = {02388A5C-6847-41F5-8F37-AE37BA994BC3}
	EndGlobalSection
	GlobalSection(ExtensibilityGlobals) = postSolution
		SolutionGuid = {BB649CF4-5AC5-48B8-9947-87DE7666822B}
	EndGlobalSection
EndGlobal
